
Microsoft Visual Studio Solution File, Format Version 12.00
# Visual Studio 15
VisualStudioVersion = 15.0.28307.1267
MinimumVisualStudioVersion = 10.0.40219.1
Project("{FAE04EC0-301F-11D3-BF4B-00C04F79EFBC}") = "WebApplicationProject", "WebApplication4\WebApplicationProject.csproj", "{BA038DAA-6393-4EDC-B450-B06EDF5B6949}"
EndProject
Project("{9A19103F-16F7-4668-BE54-9A1E7A4F7556}") = "UnitTestProject", "NUnitTestProject1\UnitTestProject.csproj", "{9F97A2A1-5E88-47E3-B4EC-40566DDD619C}"
EndProject
Project("{FAE04EC0-301F-11D3-BF4B-00C04F79EFBC}") = "UnitTest_A3", "UnitTest_A3\UnitTest_A3.csproj", "{9E723438-699D-431A-A1C7-E4C4C0579FF3}"
EndProject
Project("{E53339B2-1760-4266-BCC7-CA923CBCF16C}") = "docker-compose", "docker-compose.dcproj", "{6D5F7407-488B-409A-93AA-837D13FFF14D}"
EndProject
Global
	GlobalSection(SolutionConfigurationPlatforms) = preSolution
		Debug|Any CPU = Debug|Any CPU
		Release|Any CPU = Release|Any CPU
	EndGlobalSection
	GlobalSection(ProjectConfigurationPlatforms) = postSolution
		{BA038DAA-6393-4EDC-B450-B06EDF5B6949}.Debug|Any CPU.ActiveCfg = Debug|Any CPU
		{BA038DAA-6393-4EDC-B450-B06EDF5B6949}.Debug|Any CPU.Build.0 = Debug|Any CPU
		{BA038DAA-6393-4EDC-B450-B06EDF5B6949}.Release|Any CPU.ActiveCfg = Release|Any CPU
		{BA038DAA-6393-4EDC-B450-B06EDF5B6949}.Release|Any CPU.Build.0 = Release|Any CPU
		{9F97A2A1-5E88-47E3-B4EC-40566DDD619C}.Debug|Any CPU.ActiveCfg = Debug|Any CPU
		{9F97A2A1-5E88-47E3-B4EC-40566DDD619C}.Debug|Any CPU.Build.0 = Debug|Any CPU
		{9F97A2A1-5E88-47E3-B4EC-40566DDD619C}.Release|Any CPU.ActiveCfg = Release|Any CPU
		{9F97A2A1-5E88-47E3-B4EC-40566DDD619C}.Release|Any CPU.Build.0 = Release|Any CPU
		{9E723438-699D-431A-A1C7-E4C4C0579FF3}.Debug|Any CPU.ActiveCfg = Debug|Any CPU
		{9E723438-699D-431A-A1C7-E4C4C0579FF3}.Debug|Any CPU.Build.0 = Debug|Any CPU
		{9E723438-699D-431A-A1C7-E4C4C0579FF3}.Release|Any CPU.ActiveCfg = Release|Any CPU
		{9E723438-699D-431A-A1C7-E4C4C0579FF3}.Release|Any CPU.Build.0 = Release|Any CPU
		{6D5F7407-488B-409A-93AA-837D13FFF14D}.Debug|Any CPU.ActiveCfg = Debug|Any CPU
		{6D5F7407-488B-409A-93AA-837D13FFF14D}.Release|Any CPU.ActiveCfg = Release|Any CPU
	EndGlobalSection
	GlobalSection(SolutionProperties) = preSolution
		HideSolutionNode = FALSE
	EndGlobalSection
	GlobalSection(ExtensibilityGlobals) = postSolution
		SolutionGuid = {B3CE3391-2048-47C6-8531-09312EA87392}
	EndGlobalSection
EndGlobal
